{
  "version": 1,
  "dependencies": {
    "net9.0-windows7.0": {
      "DalamudPackager": {
        "type": "Direct",
        "requested": "[13.1.0, )",
        "resolved": "13.1.0",
        "contentHash": "XdoNhJGyFby5M/sdcRhnc5xTop9PHy+H50PTWpzLhJugjB19EDBiHD/AsiDF66RETM+0qKUdJBZrNuebn7qswQ=="
      },
      "DotNet.ReproducibleBuilds": {
        "type": "Direct",
        "requested": "[1.2.25, )",
        "resolved": "1.2.25",
        "contentHash": "xCXiw7BCxHJ8pF6wPepRUddlh2dlQlbr81gXA72hdk4FLHkKXas7EH/n+fk5UCA/YfMqG1Z6XaPiUjDbUNBUzg=="
      },
      "FFXIVWeather": {
        "type": "Direct",
        "requested": "[1.0.17, )",
        "resolved": "1.0.17",
        "contentHash": "Cz6/P0YBmyrPyg+Let5eP5AdMJ/Nr0T7hJ5f0hGrD8j8YZmUeLyL7BUUZvAerpmIYXqETYehah9hfzNmZsFMTw==",
        "dependencies": {
          "Newtonsoft.Json": "12.0.3"
        }
      },
      "NAudio.Wasapi": {
        "type": "Direct",
        "requested": "[2.1.0, )",
        "resolved": "2.1.0",
        "contentHash": "Zp/8l79aYQEu7/HfzXWVpqyIwRUPgsvCj/Qx+pR6ykJxvwjqOoUfMiEG9US1wW4d7PEzT5ZBIL+cp90t6HNNiw==",
        "dependencies": {
          "NAudio.Core": "2.1.0"
        }
      },
      "Newtonsoft.Json": {
        "type": "Direct",
        "requested": "[13.0.3, )",
        "resolved": "13.0.3",
        "contentHash": "HrC5BXdl00IP9zeV+0Z848QWPAoCr9P3bDEZguI+gkLcBKAOxix/tLEAAHC+UvDNPv4a2d18lOReHMOagPa+zQ=="
      },
      "QuickGraph": {
        "type": "Direct",
        "requested": "[3.6.61119.7, )",
        "resolved": "3.6.61119.7",
        "contentHash": "crtYNiFcYFtYbmbEfdYsdGw5M3923OO5ZZD25K+WeLPgTp/q4oq3U/FVrbaOK5+Jg8UJDmoZ6sqAVion4RgXCA=="
      },
      "System.Data.SQLite": {
        "type": "Direct",
        "requested": "[1.0.119, )",
        "resolved": "1.0.119",
        "contentHash": "JSOJpnBf9goMnxGTJFGCmm6AffxgtpuXNXV5YvWO8UNC2zwd12qkUe5lAbnY+2ohIkIukgIjbvR1RA/sWILv3w==",
        "dependencies": {
          "System.Data.SQLite.Core": "[1.0.119]",
          "System.Data.SQLite.EF6": "[1.0.119]"
        }
      },
      "System.Data.SQLite.Core": {
        "type": "Direct",
        "requested": "[1.0.119, )",
        "resolved": "1.0.119",
        "contentHash": "bhQB8HVtRA+OOYw8UTD1F1kU+nGJ0/OZvH1JmlVUI4bGvgVEWeX1NcHjA765NvUoRVuCPlt8PrEpZ1thSsk1jg==",
        "dependencies": {
          "Stub.System.Data.SQLite.Core.NetStandard": "[1.0.119]"
        }
      },
      "EntityFramework": {
        "type": "Transitive",
        "resolved": "6.4.4",
        "contentHash": "yj1+/4tci7Panu3jKDHYizxwVm0Jvm7b7m057b5h4u8NUHGCR8WIWirBTw+8EptRffwftIWPBeIRGNKD1ewEMQ==",
        "dependencies": {
          "Microsoft.CSharp": "4.7.0",
          "System.CodeDom": "4.7.0",
          "System.ComponentModel.Annotations": "4.7.0",
          "System.Configuration.ConfigurationManager": "4.7.0",
          "System.Data.SqlClient": "4.8.1"
        }
      },
      "Microsoft.CSharp": {
        "type": "Transitive",
        "resolved": "4.7.0",
        "contentHash": "pTj+D3uJWyN3My70i2Hqo+OXixq3Os2D1nJ2x92FFo6sk8fYS1m1WLNTs0Dc1uPaViH0YvEEwvzddQ7y4rhXmA=="
      },
      "Microsoft.NETCore.Platforms": {
        "type": "Transitive",
        "resolved": "3.1.0",
        "contentHash": "z7aeg8oHln2CuNulfhiLYxCVMPEwBl3rzicjvIX+4sUuCwvXw5oXQEtbiU2c0z4qYL5L3Kmx0mMA/+t/SbY67w=="
      },
      "Microsoft.Win32.Registry": {
        "type": "Transitive",
        "resolved": "4.7.0",
        "contentHash": "KSrRMb5vNi0CWSGG1++id2ZOs/1QhRqROt+qgbEAdQuGjGrFcl4AOl4/exGPUYz2wUnU42nvJqon1T3U0kPXLA==",
        "dependencies": {
          "System.Security.AccessControl": "4.7.0",
          "System.Security.Principal.Windows": "4.7.0"
        }
      },
      "Microsoft.Win32.SystemEvents": {
        "type": "Transitive",
        "resolved": "4.7.0",
        "contentHash": "mtVirZr++rq+XCDITMUdnETD59XoeMxSpLRIII7JRI6Yj0LEDiO1pPn0ktlnIj12Ix8bfvQqQDMMIF9wC98oCA==",
        "dependencies": {
          "Microsoft.NETCore.Platforms": "3.1.0"
        }
      },
      "NAudio.Core": {
        "type": "Transitive",
        "resolved": "2.1.0",
        "contentHash": "0iowfmolibU4KxjaC/s7lox/BeDg76UVvXtCuCzRiNpylVndqsxXxp+bVWFrpv0KzQDIKLxZrnDmYENlAI0u9g=="
      },
      "runtime.native.System.Data.SqlClient.sni": {
        "type": "Transitive",
        "resolved": "4.7.0",
        "contentHash": "9kyFSIdN3T0qjDQ2R0HRXYIhS3l5psBzQi6qqhdLz+SzFyEy4sVxNOke+yyYv8Cu8rPER12c3RDjLT8wF3WBYQ==",
        "dependencies": {
          "runtime.win-arm64.runtime.native.System.Data.SqlClient.sni": "4.4.0",
          "runtime.win-x64.runtime.native.System.Data.SqlClient.sni": "4.4.0",
          "runtime.win-x86.runtime.native.System.Data.SqlClient.sni": "4.4.0"
        }
      },
      "runtime.win-arm64.runtime.native.System.Data.SqlClient.sni": {
        "type": "Transitive",
        "resolved": "4.4.0",
        "contentHash": "LbrynESTp3bm5O/+jGL8v0Qg5SJlTV08lpIpFesXjF6uGNMWqFnUQbYBJwZTeua6E/Y7FIM1C54Ey1btLWupdg=="
      },
      "runtime.win-x64.runtime.native.System.Data.SqlClient.sni": {
        "type": "Transitive",
        "resolved": "4.4.0",
        "contentHash": "38ugOfkYJqJoX9g6EYRlZB5U2ZJH51UP8ptxZgdpS07FgOEToV+lS11ouNK2PM12Pr6X/PpT5jK82G3DwH/SxQ=="
      },
      "runtime.win-x86.runtime.native.System.Data.SqlClient.sni": {
        "type": "Transitive",
        "resolved": "4.4.0",
        "contentHash": "YhEdSQUsTx+C8m8Bw7ar5/VesXvCFMItyZF7G1AUY+OM0VPZUOeAVpJ4Wl6fydBGUYZxojTDR3I6Bj/+BPkJNA=="
      },
      "Stub.System.Data.SQLite.Core.NetStandard": {
        "type": "Transitive",
        "resolved": "1.0.119",
        "contentHash": "dI7ngiCNgdm+n00nQvFTa+LbHvE9MIQXwMSLRzJI/KAJ7G1WmCachsvfE1CD6xvb3OXJvYYEfv3+S/LHyhN0Rg=="
      },
      "System.CodeDom": {
        "type": "Transitive",
        "resolved": "4.7.0",
        "contentHash": "Hs9pw/kmvH3lXaZ1LFKj3pLQsiGfj2xo3sxSzwiLlRL6UcMZUTeCfoJ9Udalvn3yq5dLlPEZzYegrTQ1/LhPOQ=="
      },
      "System.ComponentModel.Annotations": {
        "type": "Transitive",
        "resolved": "4.7.0",
        "contentHash": "0YFqjhp/mYkDGpU0Ye1GjE53HMp9UVfGN7seGpAMttAC0C40v5gw598jCgpbBLMmCo0E5YRLBv5Z2doypO49ZQ=="
      },
      "System.Configuration.ConfigurationManager": {
        "type": "Transitive",
        "resolved": "4.7.0",
        "contentHash": "/anOTeSZCNNI2zDilogWrZ8pNqCmYbzGNexUnNhjW8k0sHqEZ2nHJBp147jBV3hGYswu5lINpNg1vxR7bnqvVA==",
        "dependencies": {
          "System.Security.Cryptography.ProtectedData": "4.7.0",
          "System.Security.Permissions": "4.7.0"
        }
      },
      "System.Data.SqlClient": {
        "type": "Transitive",
        "resolved": "4.8.1",
        "contentHash": "HKLykcv6eZLbLnSMnlQ6Os4+UAmFE+AgYm92CTvJYeTOBtOYusX3qu8OoGhFrnKZax91UcLcDo5vPrqvJUTSNQ==",
        "dependencies": {
          "Microsoft.Win32.Registry": "4.7.0",
          "System.Security.Principal.Windows": "4.7.0",
          "runtime.native.System.Data.SqlClient.sni": "4.7.0"
        }
      },
      "System.Data.SQLite.EF6": {
        "type": "Transitive",
        "resolved": "1.0.119",
        "contentHash": "BwwgCSeA80gsxdXtU7IQEBrN9kQXWQrD11hNYOJZbXBBI1C4r7hA4QhBAalO1nzijXikthGRUADIEMI3nlucLA==",
        "dependencies": {
          "EntityFramework": "6.4.4"
        }
      },
      "System.Drawing.Common": {
        "type": "Transitive",
        "resolved": "4.7.0",
        "contentHash": "v+XbyYHaZjDfn0ENmJEV1VYLgGgCTx1gnfOBcppowbpOAriglYgGCvFCPr2EEZyBvXlpxbEsTwkOlInl107ahA==",
        "dependencies": {
          "Microsoft.NETCore.Platforms": "3.1.0",
          "Microsoft.Win32.SystemEvents": "4.7.0"
        }
      },
      "System.Security.AccessControl": {
        "type": "Transitive",
        "resolved": "4.7.0",
        "contentHash": "JECvTt5aFF3WT3gHpfofL2MNNP6v84sxtXxpqhLBCcDRzqsPBmHhQ6shv4DwwN2tRlzsUxtb3G9M3763rbXKDg==",
        "dependencies": {
          "Microsoft.NETCore.Platforms": "3.1.0",
          "System.Security.Principal.Windows": "4.7.0"
        }
      },
      "System.Security.Cryptography.ProtectedData": {
        "type": "Transitive",
        "resolved": "4.7.0",
        "contentHash": "ehYW0m9ptxpGWvE4zgqongBVWpSDU/JCFD4K7krxkQwSz/sFQjEXCUqpvencjy6DYDbn7Ig09R8GFffu8TtneQ=="
      },
      "System.Security.Permissions": {
        "type": "Transitive",
        "resolved": "4.7.0",
        "contentHash": "dkOV6YYVBnYRa15/yv004eCGRBVADXw8qRbbNiCn/XpdJSUXkkUeIvdvFHkvnko4CdKMqG8yRHC4ox83LSlMsQ==",
        "dependencies": {
          "System.Security.AccessControl": "4.7.0",
          "System.Windows.Extensions": "4.7.0"
        }
      },
      "System.Security.Principal.Windows": {
        "type": "Transitive",
        "resolved": "4.7.0",
        "contentHash": "ojD0PX0XhneCsUbAZVKdb7h/70vyYMDYs85lwEI+LngEONe/17A0cFaRFqZU+sOEidcVswYWikYOQ9PPfjlbtQ=="
      },
      "System.Windows.Extensions": {
        "type": "Transitive",
        "resolved": "4.7.0",
        "contentHash": "CeWTdRNfRaSh0pm2gDTJFwVaXfTq6Xwv/sA887iwPTneW7oMtMlpvDIO+U60+3GWTB7Aom6oQwv5VZVUhQRdPQ==",
        "dependencies": {
          "System.Drawing.Common": "4.7.0"
        }
      }
    }
  }
}